
Microsoft Visual Studio Solution File, Format Version 10.00
# Visual Studio 2008
Project("{FAE04EC0-301F-11D3-BF4B-00C04F79EFBC}") = "Federal.Mmc", "Federal.Mmc\Federal.Mmc.csproj", "{6B307669-8FFB-4D6A-99EC-2C799F33B23B}"
EndProject
Project("{2150E333-8FDC-42A3-9474-1A3956D46DE8}") = "Library_", "Library_", "{3CCCE668-68B1-469E-93B8-22102A598098}"
	ProjectSection(SolutionItems) = preProject
		Library_\Mmc.msc = Library_\Mmc.msc
		Library_\Readme.txt = Library_\Readme.txt
	EndProjectSection
EndProject
Project("{FAE04EC0-301F-11D3-BF4B-00C04F79EFBC}") = "Federal.Storage", "Federal.Storage\Federal.Storage.csproj", "{213EAF2D-F22E-4DC5-85BB-31F490A93E41}"
EndProject
Project("{FAE04EC0-301F-11D3-BF4B-00C04F79EFBC}") = "Storage.Example", "Storage.Example\Storage.Example.csproj", "{B86BFED5-7DDB-4FEC-9903-D2821F051C63}"
EndProject
Project("{FAE04EC0-301F-11D3-BF4B-00C04F79EFBC}") = "Federal.Client", "Federal.Client\Federal.Client.csproj", "{49C9E27B-04F0-4539-B4D0-81E598CDC64B}"
EndProject
Project("{FAE04EC0-301F-11D3-BF4B-00C04F79EFBC}") = "Client.Example", "Client.Example\Client.Example.csproj", "{7EE2FA07-AFAE-45A4-BB6F-A195E040D14D}"
EndProject
Global
	GlobalSection(SolutionConfigurationPlatforms) = preSolution
		Debug|Any CPU = Debug|Any CPU
		Release|Any CPU = Release|Any CPU
	EndGlobalSection
	GlobalSection(ProjectConfigurationPlatforms) = postSolution
		{6B307669-8FFB-4D6A-99EC-2C799F33B23B}.Debug|Any CPU.ActiveCfg = Debug|Any CPU
		{6B307669-8FFB-4D6A-99EC-2C799F33B23B}.Release|Any CPU.ActiveCfg = Release|Any CPU
		{6B307669-8FFB-4D6A-99EC-2C799F33B23B}.Release|Any CPU.Build.0 = Release|Any CPU
		{213EAF2D-F22E-4DC5-85BB-31F490A93E41}.Debug|Any CPU.ActiveCfg = Debug|Any CPU
		{213EAF2D-F22E-4DC5-85BB-31F490A93E41}.Debug|Any CPU.Build.0 = Debug|Any CPU
		{213EAF2D-F22E-4DC5-85BB-31F490A93E41}.Release|Any CPU.ActiveCfg = Release|Any CPU
		{213EAF2D-F22E-4DC5-85BB-31F490A93E41}.Release|Any CPU.Build.0 = Release|Any CPU
		{B86BFED5-7DDB-4FEC-9903-D2821F051C63}.Debug|Any CPU.ActiveCfg = Debug|Any CPU
		{B86BFED5-7DDB-4FEC-9903-D2821F051C63}.Debug|Any CPU.Build.0 = Debug|Any CPU
		{B86BFED5-7DDB-4FEC-9903-D2821F051C63}.Release|Any CPU.ActiveCfg = Release|Any CPU
		{B86BFED5-7DDB-4FEC-9903-D2821F051C63}.Release|Any CPU.Build.0 = Release|Any CPU
		{49C9E27B-04F0-4539-B4D0-81E598CDC64B}.Debug|Any CPU.ActiveCfg = Debug|Any CPU
		{49C9E27B-04F0-4539-B4D0-81E598CDC64B}.Debug|Any CPU.Build.0 = Debug|Any CPU
		{49C9E27B-04F0-4539-B4D0-81E598CDC64B}.Release|Any CPU.ActiveCfg = Release|Any CPU
		{49C9E27B-04F0-4539-B4D0-81E598CDC64B}.Release|Any CPU.Build.0 = Release|Any CPU
		{7EE2FA07-AFAE-45A4-BB6F-A195E040D14D}.Debug|Any CPU.ActiveCfg = Debug|Any CPU
		{7EE2FA07-AFAE-45A4-BB6F-A195E040D14D}.Debug|Any CPU.Build.0 = Debug|Any CPU
		{7EE2FA07-AFAE-45A4-BB6F-A195E040D14D}.Release|Any CPU.ActiveCfg = Release|Any CPU
		{7EE2FA07-AFAE-45A4-BB6F-A195E040D14D}.Release|Any CPU.Build.0 = Release|Any CPU
	EndGlobalSection
	GlobalSection(SolutionProperties) = preSolution
		HideSolutionNode = FALSE
	EndGlobalSection
EndGlobal
